
Microsoft Visual Studio Solution File, Format Version 12.00
# Visual Studio Version 17
VisualStudioVersion = 17.4.33205.214
MinimumVisualStudioVersion = 10.0.40219.1
Project("{E24C65DC-7377-472B-9ABA-BC803B73C61A}") = "SalvarImagensWebForms_BD_SQLServer", "SalvarImagensWebForms_BD_SQLServer\", "{94FF9A23-D56F-4623-A90A-D1279D9BA082}"
	ProjectSection(WebsiteProperties) = preProject
		TargetFrameworkMoniker = ".NETFramework,Version%3Dv4.7.2"
		Debug.AspNetCompiler.VirtualPath = "/localhost_55235"
		Debug.AspNetCompiler.PhysicalPath = "SalvarImagensWebForms_BD_SQLServer\"
		Debug.AspNetCompiler.TargetPath = "PrecompiledWeb\localhost_55235\"
		Debug.AspNetCompiler.Updateable = "true"
		Debug.AspNetCompiler.ForceOverwrite = "true"
		Debug.AspNetCompiler.FixedNames = "false"
		Debug.AspNetCompiler.Debug = "True"
		Release.AspNetCompiler.VirtualPath = "/localhost_55235"
		Release.AspNetCompiler.PhysicalPath = "SalvarImagensWebForms_BD_SQLServer\"
		Release.AspNetCompiler.TargetPath = "PrecompiledWeb\localhost_55235\"
		Release.AspNetCompiler.Updateable = "true"
		Release.AspNetCompiler.ForceOverwrite = "true"
		Release.AspNetCompiler.FixedNames = "false"
		Release.AspNetCompiler.Debug = "False"
		VWDPort = "55235"
		SlnRelativePath = "SalvarImagensWebForms_BD_SQLServer\"
		DefaultWebSiteLanguage = "Visual C#"
	EndProjectSection
EndProject
Global
	GlobalSection(SolutionConfigurationPlatforms) = preSolution
		Debug|Any CPU = Debug|Any CPU
	EndGlobalSection
	GlobalSection(ProjectConfigurationPlatforms) = postSolution
		{94FF9A23-D56F-4623-A90A-D1279D9BA082}.Debug|Any CPU.ActiveCfg = Debug|Any CPU
		{94FF9A23-D56F-4623-A90A-D1279D9BA082}.Debug|Any CPU.Build.0 = Debug|Any CPU
	EndGlobalSection
	GlobalSection(SolutionProperties) = preSolution
		HideSolutionNode = FALSE
	EndGlobalSection
	GlobalSection(ExtensibilityGlobals) = postSolution
		SolutionGuid = {E18D04CC-6C46-4683-8707-7456227417B3}
	EndGlobalSection
EndGlobal
